{
  "name": "feature-flip-example",
  "version": "1.0.0",
  "lockfileVersion": 2,
  "requires": true,
  "packages": {
    "": {
      "name": "feature-flip-example",
      "version": "1.0.0",
      "license": "MIT",
      "dependencies": {
        "feature-flip-js": "file:.."
      }
    },
    "..": {
      "name": "feature-flip-js",
      "version": "0.1.2",
      "license": "MIT",
      "dependencies": {
        "isomorphic-unfetch": "^3.1.0",
        "querystringify": "^2.2.0"
      },
      "devDependencies": {
        "@types/jest": "^25.2.3",
        "jest": "^25.5.4",
        "microbundle": "^0.13.0",
        "nock": "^12.0.3"
      }
    },
    "node_modules/feature-flip-js": {
      "resolved": "..",
      "link": true
    }
  },
  "dependencies": {
    "feature-flip-js": {
      "version": "file:..",
      "requires": {
        "@types/jest": "^25.2.3",
        "isomorphic-unfetch": "^3.1.0",
        "jest": "^25.5.4",
        "microbundle": "^0.13.0",
        "nock": "^12.0.3",
        "querystringify": "^2.2.0"
      }
    }
  }
}
